
Microsoft Visual Studio Solution File, Format Version 12.00
Project("{FAE04EC0-301F-11D3-BF4B-00C04F79EFBC}") = "SP2", "SP2\SP2.csproj", "{A2816126-2F4B-4DED-8221-AA8A29C3329A}"
EndProject
Global
	GlobalSection(SolutionConfigurationPlatforms) = preSolution
		Debug|Any CPU = Debug|Any CPU
		Release|Any CPU = Release|Any CPU
	EndGlobalSection
	GlobalSection(ProjectConfigurationPlatforms) = postSolution
		{A2816126-2F4B-4DED-8221-AA8A29C3329A}.Debug|Any CPU.ActiveCfg = Debug|Any CPU
		{A2816126-2F4B-4DED-8221-AA8A29C3329A}.Debug|Any CPU.Build.0 = Debug|Any CPU
		{A2816126-2F4B-4DED-8221-AA8A29C3329A}.Release|Any CPU.ActiveCfg = Release|Any CPU
		{A2816126-2F4B-4DED-8221-AA8A29C3329A}.Release|Any CPU.Build.0 = Release|Any CPU
	EndGlobalSection
EndGlobal
